// !$*UTF8*$!
{
	archiveVersion = 1;
	classes = {
	};
	objectVersion = 77;
	objects = {

/* Begin PBXBuildFile section */
		49461EB72F37407500414E8B /* LaTeXSwiftUI in Frameworks */ = {isa = PBXBuildFile; productRef = 499EFECE2F28990000121CAD /* LaTeXSwiftUI */; };
/* End PBXBuildFile section */

/* Begin PBXContainerItemProxy section */
		499EFEB12F2898DF00121CAD /* PBXContainerItemProxy */ = {
			isa = PBXContainerItemProxy;
			containerPortal = 499EFE9B2F2898DE00121CAD /* Project object */;
			proxyType = 1;
			remoteGlobalIDString = 499EFEA22F2898DE00121CAD;
			remoteInfo = camit;
		};
		499EFEBB2F2898DF00121CAD /* PBXContainerItemProxy */ = {
			isa = PBXContainerItemProxy;
			containerPortal = 499EFE9B2F2898DE00121CAD /* Project object */;
			proxyType = 1;
			remoteGlobalIDString = 499EFEA22F2898DE00121CAD;
			remoteInfo = camit;
		};
/* End PBXContainerItemProxy section */

/* Begin PBXFileReference section */
		499EFEA32F2898DE00121CAD /* camit.app */ = {isa = PBXFileReference; explicitFileType = wrapper.application; includeInIndex = 0; path = camit.app; sourceTree = BUILT_PRODUCTS_DIR; };
		499EFEB02F2898DF00121CAD /* camitTests.xctest */ = {isa = PBXFileReference; explicitFileType = wrapper.cfbundle; includeInIndex = 0; path = camitTests.xctest; sourceTree = BUILT_PRODUCTS_DIR; };
		499EFEBA2F2898DF00121CAD /* camitUITests.xctest */ = {isa = PBXFileReference; explicitFileType = wrapper.cfbundle; includeInIndex = 0; path = camitUITests.xctest; sourceTree = BUILT_PRODUCTS_DIR; };
/* End PBXFileReference section */

/* Begin PBXFileSystemSynchronizedRootGroup section */
		499EFEA52F2898DE00121CAD /* camit */ = {
			isa = PBXFileSystemSynchronizedRootGroup;
			path = camit;
			sourceTree = "<group>";
		};
		499EFEB32F2898DF00121CAD /* camitTests */ = {
			isa = PBXFileSystemSynchronizedRootGroup;
			path = camitTests;
			sourceTree = "<group>";
		};
		499EFEBD2F2898DF00121CAD /* camitUITests */ = {
			isa = PBXFileSystemSynchronizedRootGroup;
			path = camitUITests;
			sourceTree = "<group>";
		};
/* End PBXFileSystemSynchronizedRootGroup section */

/* Begin PBXFrameworksBuildPhase section */
		499EFEA02F2898DE00121CAD /* Frameworks */ = {
			isa = PBXFrameworksBuildPhase;
			buildActionMask = 2147483647;
			files = (
				49461EB72F37407500414E8B /* LaTeXSwiftUI in Frameworks */,
			);
			runOnlyForDeploymentPostprocessing = 0;
		};
		499EFEAD2F2898DF00121CAD /* Frameworks */ = {
			isa = PBXFrameworksBuildPhase;
			buildActionMask = 2147483647;
			files = (
			);
			runOnlyForDeploymentPostprocessing = 0;
		};
		499EFEB72F2898DF00121CAD /* Frameworks */ = {
			isa = PBXFrameworksBuildPhase;
			buildActionMask = 2147483647;
			files = (
			);
			runOnlyForDeploymentPostprocessing = 0;
		};
/* End PBXFrameworksBuildPhase section */

/* Begin PBXGroup section */
		499EFE9A2F2898DE00121CAD = {
			isa = PBXGroup;
			children = (
				499EFEA52F2898DE00121CAD /* camit */,
				499EFEB32F2898DF00121CAD /* camitTests */,
				499EFEBD2F2898DF00121CAD /* camitUITests */,
				499EFEA42F2898DE00121CAD /* Products */,
			);
			sourceTree = "<group>";
		};
		499EFEA42F2898DE00121CAD /* Products */ = {
			isa = PBXGroup;
			children = (
				499EFEA32F2898DE00121CAD /* camit.app */,
				499EFEB02F2898DF00121CAD /* camitTests.xctest */,
				499EFEBA2F2898DF00121CAD /* camitUITests.xctest */,
			);
			name = Products;
			sourceTree = "<group>";
		};
/* End PBXGroup section */

/* Begin PBXNativeTarget section */
		499EFEA22F2898DE00121CAD /* camit */ = {
			isa = PBXNativeTarget;
			buildConfigurationList = 499EFEC42F2898DF00121CAD /* Build configuration list for PBXNativeTarget "camit" */;
			buildPhases = (
				499EFE9F2F2898DE00121CAD /* Sources */,
				499EFEA02F2898DE00121CAD /* Frameworks */,
				499EFEA12F2898DE00121CAD /* Resources */,
			);
			buildRules = (
			);
			dependencies = (
			);
			fileSystemSynchronizedGroups = (
				499EFEA52F2898DE00121CAD /* camit */,
			);
			name = camit;
			packageProductDependencies = (
				499EFECE2F28990000121CAD /* LaTeXSwiftUI */,
			);
			productName = camit;
			productReference = 499EFEA32F2898DE00121CAD /* camit.app */;
			productType = "com.apple.product-type.application";
		};
		499EFEAF2F2898DF00121CAD /* camitTests */ = {
			isa = PBXNativeTarget;
			buildConfigurationList = 499EFEC72F2898DF00121CAD /* Build configuration list for PBXNativeTarget "camitTests" */;
			buildPhases = (
				499EFEAC2F2898DF00121CAD /* Sources */,
				499EFEAD2F2898DF00121CAD /* Frameworks */,
				499EFEAE2F2898DF00121CAD /* Resources */,
			);
			buildRules = (
			);
			dependencies = (
				499EFEB22F2898DF00121CAD /* PBXTargetDependency */,
			);
			fileSystemSynchronizedGroups = (
				499EFEB32F2898DF00121CAD /* camitTests */,
			);
			name = camitTests;
			packageProductDependencies = (
			);
			productName = camitTests;
			productReference = 499EFEB02F2898DF00121CAD /* camitTests.xctest */;
			productType = "com.apple.product-type.bundle.unit-test";
		};
		499EFEB92F2898DF00121CAD /* camitUITests */ = {
			isa = PBXNativeTarget;
			buildConfigurationList = 499EFECA2F2898DF00121CAD /* Build configuration list for PBXNativeTarget "camitUITests" */;
			buildPhases = (
				499EFEB62F2898DF00121CAD /* Sources */,
				499EFEB72F2898DF00121CAD /* Frameworks */,
				499EFEB82F2898DF00121CAD /* Resources */,
			);
			buildRules = (
			);
			dependencies = (
				499EFEBC2F2898DF00121CAD /* PBXTargetDependency */,
			);
			fileSystemSynchronizedGroups = (
				499EFEBD2F2898DF00121CAD /* camitUITests */,
			);
			name = camitUITests;
			packageProductDependencies = (
			);
			productName = camitUITests;
			productReference = 499EFEBA2F2898DF00121CAD /* camitUITests.xctest */;
			productType = "com.apple.product-type.bundle.ui-testing";
		};
/* End PBXNativeTarget section */

/* Begin PBXProject section */
		499EFE9B2F2898DE00121CAD /* Project object */ = {
			isa = PBXProject;
			attributes = {
				BuildIndependentTargetsInParallel = 1;
				LastSwiftUpdateCheck = 2620;
				LastUpgradeCheck = 2620;
				TargetAttributes = {
					499EFEA22F2898DE00121CAD = {
						CreatedOnToolsVersion = 26.2;
					};
					499EFEAF2F2898DF00121CAD = {
						CreatedOnToolsVersion = 26.2;
						TestTargetID = 499EFEA22F2898DE00121CAD;
					};
					499EFEB92F2898DF00121CAD = {
						CreatedOnToolsVersion = 26.2;
						TestTargetID = 499EFEA22F2898DE00121CAD;
					};
				};
			};
			buildConfigurationList = 499EFE9E2F2898DE00121CAD /* Build configuration list for PBXProject "camit" */;
			developmentRegion = en;
			hasScannedForEncodings = 0;
			knownRegions = (
				en,
				Base,
			);
			mainGroup = 499EFE9A2F2898DE00121CAD;
			minimizedProjectReferenceProxies = 1;
			packageReferences = (
				499EFECD2F28990000121CAD /* XCRemoteSwiftPackageReference "LaTeXSwiftUI" */,
			);
			preferredProjectObjectVersion = 77;
			productRefGroup = 499EFEA42F2898DE00121CAD /* Products */;
			projectDirPath = "";
			projectRoot = "";
			targets = (
				499EFEA22F2898DE00121CAD /* camit */,
				499EFEAF2F2898DF00121CAD /* camitTests */,
				499EFEB92F2898DF00121CAD /* camitUITests */,
			);
		};
/* End PBXProject section */

/* Begin PBXResourcesBuildPhase section */
		499EFEA12F2898DE00121CAD /* Resources */ = {
			isa = PBXResourcesBuildPhase;
			buildActionMask = 2147483647;
			files = (
			);
			runOnlyForDeploymentPostprocessing = 0;
		};
		499EFEAE2F2898DF00121CAD /* Resources */ = {
			isa = PBXResourcesBuildPhase;
			buildActionMask = 2147483647;
			files = (
			);
			runOnlyForDeploymentPostprocessing = 0;
		};
		499EFEB82F2898DF00121CAD /* Resources */ = {
			isa = PBXResourcesBuildPhase;
			buildActionMask = 2147483647;
			files = (
			);
			runOnlyForDeploymentPostprocessing = 0;
		};
/* End PBXResourcesBuildPhase section */

/* Begin PBXSourcesBuildPhase section */
		499EFE9F2F2898DE00121CAD /* Sources */ = {
			isa = PBXSourcesBuildPhase;
			buildActionMask = 2147483647;
			files = (
			);
			runOnlyForDeploymentPostprocessing = 0;
		};
		499EFEAC2F2898DF00121CAD /* Sources */ = {
			isa = PBXSourcesBuildPhase;
			buildActionMask = 2147483647;
			files = (
			);
			runOnlyForDeploymentPostprocessing = 0;
		};
		499EFEB62F2898DF00121CAD /* Sources */ = {
			isa = PBXSourcesBuildPhase;
			buildActionMask = 2147483647;
			files = (
			);
			runOnlyForDeploymentPostprocessing = 0;
		};
/* End PBXSourcesBuildPhase section */

/* Begin PBXTargetDependency section */
		499EFEB22F2898DF00121CAD /* PBXTargetDependency */ = {
			isa = PBXTargetDependency;
			target = 499EFEA22F2898DE00121CAD /* camit */;
			targetProxy = 499EFEB12F2898DF00121CAD /* PBXContainerItemProxy */;
		};
		499EFEBC2F2898DF00121CAD /* PBXTargetDependency */ = {
			isa = PBXTargetDependency;
			target = 499EFEA22F2898DE00121CAD /* camit */;
			targetProxy = 499EFEBB2F2898DF00121CAD /* PBXContainerItemProxy */;
		};
/* End PBXTargetDependency section */

/* Begin XCBuildConfiguration section */
		499EFEC22F2898DF00121CAD /* Debug */ = {
			isa = XCBuildConfiguration;
			buildSettings = {
				ALWAYS_SEARCH_USER_PATHS = NO;
				ASSETCATALOG_COMPILER_GENERATE_SWIFT_ASSET_SYMBOL_EXTENSIONS = YES;
				CLANG_ANALYZER_NONNULL = YES;
				CLANG_ANALYZER_NUMBER_OBJECT_CONVERSION = YES_AGGRESSIVE;
				CLANG_CXX_LANGUAGE_STANDARD = "gnu++20";
				CLANG_ENABLE_MODULES = YES;
				CLANG_ENABLE_OBJC_ARC = YES;
				CLANG_ENABLE_OBJC_WEAK = YES;
				CLANG_WARN_BLOCK_CAPTURE_AUTORELEASING = YES;
				CLANG_WARN_BOOL_CONVERSION = YES;
				CLANG_WARN_COMMA = YES;
				CLANG_WARN_CONSTANT_CONVERSION = YES;
				CLANG_WARN_DEPRECATED_OBJC_IMPLEMENTATIONS = YES;
				CLANG_WARN_DIRECT_OBJC_ISA_USAGE = YES_ERROR;
				CLANG_WARN_DOCUMENTATION_COMMENTS = YES;
				CLANG_WARN_EMPTY_BODY = YES;
				CLANG_WARN_ENUM_CONVERSION = YES;
				CLANG_WARN_INFINITE_RECURSION = YES;
				CLANG_WARN_INT_CONVERSION = YES;
				CLANG_WARN_NON_LITERAL_NULL_CONVERSION = YES;
				CLANG_WARN_OBJC_IMPLICIT_RETAIN_SELF = YES;
				CLANG_WARN_OBJC_LITERAL_CONVERSION = YES;
				CLANG_WARN_OBJC_ROOT_CLASS = YES_ERROR;
				CLANG_WARN_QUOTED_INCLUDE_IN_FRAMEWORK_HEADER = YES;
				CLANG_WARN_RANGE_LOOP_ANALYSIS = YES;
				CLANG_WARN_STRICT_PROTOTYPES = YES;
				CLANG_WARN_SUSPICIOUS_MOVE = YES;
				CLANG_WARN_UNGUARDED_AVAILABILITY = YES_AGGRESSIVE;
				CLANG_WARN_UNREACHABLE_CODE = YES;
				CLANG_WARN__DUPLICATE_METHOD_MATCH = YES;
				COPY_PHASE_STRIP = NO;
				DEBUG_INFORMATION_FORMAT = dwarf;
				DEVELOPMENT_TEAM = DXV3CF8ALN;
				ENABLE_STRICT_OBJC_MSGSEND = YES;
				ENABLE_TESTABILITY = YES;
				ENABLE_USER_SCRIPT_SANDBOXING = YES;
				GCC_C_LANGUAGE_STANDARD = gnu17;
				GCC_DYNAMIC_NO_PIC = NO;
				GCC_NO_COMMON_BLOCKS = YES;
				GCC_OPTIMIZATION_LEVEL = 0;
				GCC_PREPROCESSOR_DEFINITIONS = (
					"DEBUG=1",
					"$(inherited)",
				);
				GCC_WARN_64_TO_32_BIT_CONVERSION = YES;
				GCC_WARN_ABOUT_RETURN_TYPE = YES_ERROR;
				GCC_WARN_UNDECLARED_SELECTOR = YES;
				GCC_WARN_UNINITIALIZED_AUTOS = YES_AGGRESSIVE;
				GCC_WARN_UNUSED_FUNCTION = YES;
				GCC_WARN_UNUSED_VARIABLE = YES;
				IPHONEOS_DEPLOYMENT_TARGET = 26.2;
				LOCALIZATION_PREFERS_STRING_CATALOGS = YES;
				MTL_ENABLE_DEBUG_INFO = INCLUDE_SOURCE;
				MTL_FAST_MATH = YES;
				ONLY_ACTIVE_ARCH = YES;
				SDKROOT = iphoneos;
				SWIFT_ACTIVE_COMPILATION_CONDITIONS = "DEBUG $(inherited)";
				SWIFT_OPTIMIZATION_LEVEL = "-Onone";
			};
			name = Debug;
		};
		499EFEC32F2898DF00121CAD /* Release */ = {
			isa = XCBuildConfiguration;
			buildSettings = {
				ALWAYS_SEARCH_USER_PATHS = NO;
				ASSETCATALOG_COMPILER_GENERATE_SWIFT_ASSET_SYMBOL_EXTENSIONS = YES;
				CLANG_ANALYZER_NONNULL = YES;
				CLANG_ANALYZER_NUMBER_OBJECT_CONVERSION = YES_AGGRESSIVE;
				CLANG_CXX_LANGUAGE_STANDARD = "gnu++20";
				CLANG_ENABLE_MODULES = YES;
				CLANG_ENABLE_OBJC_ARC = YES;
				CLANG_ENABLE_OBJC_WEAK = YES;
				CLANG_WARN_BLOCK_CAPTURE_AUTORELEASING = YES;
				CLANG_WARN_BOOL_CONVERSION = YES;
				CLANG_WARN_COMMA = YES;
				CLANG_WARN_CONSTANT_CONVERSION = YES;
				CLANG_WARN_DEPRECATED_OBJC_IMPLEMENTATIONS = YES;
				CLANG_WARN_DIRECT_OBJC_ISA_USAGE = YES_ERROR;
				CLANG_WARN_DOCUMENTATION_COMMENTS = YES;
				CLANG_WARN_EMPTY_BODY = YES;
				CLANG_WARN_ENUM_CONVERSION = YES;
				CLANG_WARN_INFINITE_RECURSION = YES;
				CLANG_WARN_INT_CONVERSION = YES;
				CLANG_WARN_NON_LITERAL_NULL_CONVERSION = YES;
				CLANG_WARN_OBJC_IMPLICIT_RETAIN_SELF = YES;
				CLANG_WARN_OBJC_LITERAL_CONVERSION = YES;
				CLANG_WARN_OBJC_ROOT_CLASS = YES_ERROR;
				CLANG_WARN_QUOTED_INCLUDE_IN_FRAMEWORK_HEADER = YES;
				CLANG_WARN_RANGE_LOOP_ANALYSIS = YES;
				CLANG_WARN_STRICT_PROTOTYPES = YES;
				CLANG_WARN_SUSPICIOUS_MOVE = YES;
				CLANG_WARN_UNGUARDED_AVAILABILITY = YES_AGGRESSIVE;
				CLANG_WARN_UNREACHABLE_CODE = YES;
				CLANG_WARN__DUPLICATE_METHOD_MATCH = YES;
				COPY_PHASE_STRIP = NO;
				DEBUG_INFORMATION_FORMAT = "dwarf-with-dsym";
				DEVELOPMENT_TEAM = DXV3CF8ALN;
				ENABLE_NS_ASSERTIONS = NO;
				ENABLE_STRICT_OBJC_MSGSEND = YES;
				ENABLE_USER_SCRIPT_SANDBOXING = YES;
				GCC_C_LANGUAGE_STANDARD = gnu17;
				GCC_NO_COMMON_BLOCKS = YES;
				GCC_WARN_64_TO_32_BIT_CONVERSION = YES;
				GCC_WARN_ABOUT_RETURN_TYPE = YES_ERROR;
				GCC_WARN_UNDECLARED_SELECTOR = YES;
				GCC_WARN_UNINITIALIZED_AUTOS = YES_AGGRESSIVE;
				GCC_WARN_UNUSED_FUNCTION = YES;
				GCC_WARN_UNUSED_VARIABLE = YES;
				IPHONEOS_DEPLOYMENT_TARGET = 26.2;
				LOCALIZATION_PREFERS_STRING_CATALOGS = YES;
				MTL_ENABLE_DEBUG_INFO = NO;
				MTL_FAST_MATH = YES;
				SDKROOT = iphoneos;
				SWIFT_COMPILATION_MODE = wholemodule;
				VALIDATE_PRODUCT = YES;
			};
			name = Release;
		};
		499EFEC52F2898DF00121CAD /* Debug */ = {
			isa = XCBuildConfiguration;
			buildSettings = {
				ASSETCATALOG_COMPILER_APPICON_NAME = AppIcon;
				ASSETCATALOG_COMPILER_GLOBAL_ACCENT_COLOR_NAME = AccentColor;
				CODE_SIGN_STYLE = Automatic;
				CURRENT_PROJECT_VERSION = 1;
				DEVELOPMENT_TEAM = DXV3CF8ALN;
				ENABLE_PREVIEWS = YES;
				GENERATE_INFOPLIST_FILE = YES;
				INFOPLIST_KEY_NSCameraUsageDescription = "用于拍照扫描试卷。";
				INFOPLIST_KEY_NSPhotoLibraryUsageDescription = "用于从相册选择试卷照片。";
				INFOPLIST_KEY_UIApplicationSceneManifest_Generation = YES;
				INFOPLIST_KEY_UIApplicationSupportsIndirectInputEvents = YES;
				INFOPLIST_KEY_UILaunchScreen_Generation = YES;
				INFOPLIST_KEY_UISupportedInterfaceOrientations_iPad = "UIInterfaceOrientationPortrait UIInterfaceOrientationPortraitUpsideDown UIInterfaceOrientationLandscapeLeft UIInterfaceOrientationLandscapeRight";
				INFOPLIST_KEY_UISupportedInterfaceOrientations_iPhone = "UIInterfaceOrientationPortrait UIInterfaceOrientationLandscapeLeft UIInterfaceOrientationLandscapeRight";
				IPHONEOS_DEPLOYMENT_TARGET = 16.6;
				LD_RUNPATH_SEARCH_PATHS = (
					"$(inherited)",
					"@executable_path/Frameworks",
				);
				MARKETING_VERSION = 1.3;
				PRODUCT_BUNDLE_IDENTIFIER = zhang.camit;
				PRODUCT_NAME = "$(TARGET_NAME)";
				STRING_CATALOG_GENERATE_SYMBOLS = YES;
				SWIFT_APPROACHABLE_CONCURRENCY = YES;
				SWIFT_DEFAULT_ACTOR_ISOLATION = MainActor;
				SWIFT_EMIT_LOC_STRINGS = YES;
				SWIFT_UPCOMING_FEATURE_MEMBER_IMPORT_VISIBILITY = YES;
				SWIFT_VERSION = 5.0;
				TARGETED_DEVICE_FAMILY = "1,2";
			};
			name = Debug;
		};
		499EFEC62F2898DF00121CAD /* Release */ = {
			isa = XCBuildConfiguration;
			buildSettings = {
				ASSETCATALOG_COMPILER_APPICON_NAME = AppIcon;
				ASSETCATALOG_COMPILER_GLOBAL_ACCENT_COLOR_NAME = AccentColor;
				CODE_SIGN_STYLE = Automatic;
				CURRENT_PROJECT_VERSION = 1;
				DEVELOPMENT_TEAM = DXV3CF8ALN;
				ENABLE_PREVIEWS = YES;
				GENERATE_INFOPLIST_FILE = YES;
				INFOPLIST_KEY_NSCameraUsageDescription = "用于拍照扫描试卷。";
				INFOPLIST_KEY_NSPhotoLibraryUsageDescription = "用于从相册选择试卷照片。";
				INFOPLIST_KEY_UIApplicationSceneManifest_Generation = YES;
				INFOPLIST_KEY_UIApplicationSupportsIndirectInputEvents = YES;
				INFOPLIST_KEY_UILaunchScreen_Generation = YES;
				INFOPLIST_KEY_UISupportedInterfaceOrientations_iPad = "UIInterfaceOrientationPortrait UIInterfaceOrientationPortraitUpsideDown UIInterfaceOrientationLandscapeLeft UIInterfaceOrientationLandscapeRight";
				INFOPLIST_KEY_UISupportedInterfaceOrientations_iPhone = "UIInterfaceOrientationPortrait UIInterfaceOrientationLandscapeLeft UIInterfaceOrientationLandscapeRight";
				IPHONEOS_DEPLOYMENT_TARGET = 16.6;
				LD_RUNPATH_SEARCH_PATHS = (
					"$(inherited)",
					"@executable_path/Frameworks",
				);
				MARKETING_VERSION = 1.3;
				PRODUCT_BUNDLE_IDENTIFIER = zhang.camit;
				PRODUCT_NAME = "$(TARGET_NAME)";
				STRING_CATALOG_GENERATE_SYMBOLS = YES;
				SWIFT_APPROACHABLE_CONCURRENCY = YES;
				SWIFT_DEFAULT_ACTOR_ISOLATION = MainActor;
				SWIFT_EMIT_LOC_STRINGS = YES;
				SWIFT_UPCOMING_FEATURE_MEMBER_IMPORT_VISIBILITY = YES;
				SWIFT_VERSION = 5.0;
				TARGETED_DEVICE_FAMILY = "1,2";
			};
			name = Release;
		};
		499EFEC82F2898DF00121CAD /* Debug */ = {
			isa = XCBuildConfiguration;
			buildSettings = {
				BUNDLE_LOADER = "$(TEST_HOST)";
				CODE_SIGN_STYLE = Automatic;
				CURRENT_PROJECT_VERSION = 1;
				DEVELOPMENT_TEAM = DXV3CF8ALN;
				GENERATE_INFOPLIST_FILE = YES;
				IPHONEOS_DEPLOYMENT_TARGET = 26.2;
				MARKETING_VERSION = 1.3;
				PRODUCT_BUNDLE_IDENTIFIER = zhang.camitTests;
				PRODUCT_NAME = "$(TARGET_NAME)";
				STRING_CATALOG_GENERATE_SYMBOLS = NO;
				SWIFT_APPROACHABLE_CONCURRENCY = YES;
				SWIFT_EMIT_LOC_STRINGS = NO;
				SWIFT_UPCOMING_FEATURE_MEMBER_IMPORT_VISIBILITY = YES;
				SWIFT_VERSION = 5.0;
				TARGETED_DEVICE_FAMILY = "1,2";
				TEST_HOST = "$(BUILT_PRODUCTS_DIR)/camit.app/$(BUNDLE_EXECUTABLE_FOLDER_PATH)/camit";
			};
			name = Debug;
		};
		499EFEC92F2898DF00121CAD /* Release */ = {
			isa = XCBuildConfiguration;
			buildSettings = {
				BUNDLE_LOADER = "$(TEST_HOST)";
				CODE_SIGN_STYLE = Automatic;
				CURRENT_PROJECT_VERSION = 1;
				DEVELOPMENT_TEAM = DXV3CF8ALN;
				GENERATE_INFOPLIST_FILE = YES;
				IPHONEOS_DEPLOYMENT_TARGET = 26.2;
				MARKETING_VERSION = 1.3;
				PRODUCT_BUNDLE_IDENTIFIER = zhang.camitTests;
				PRODUCT_NAME = "$(TARGET_NAME)";
				STRING_CATALOG_GENERATE_SYMBOLS = NO;
				SWIFT_APPROACHABLE_CONCURRENCY = YES;
				SWIFT_EMIT_LOC_STRINGS = NO;
				SWIFT_UPCOMING_FEATURE_MEMBER_IMPORT_VISIBILITY = YES;
				SWIFT_VERSION = 5.0;
				TARGETED_DEVICE_FAMILY = "1,2";
				TEST_HOST = "$(BUILT_PRODUCTS_DIR)/camit.app/$(BUNDLE_EXECUTABLE_FOLDER_PATH)/camit";
			};
			name = Release;
		};
		499EFECB2F2898DF00121CAD /* Debug */ = {
			isa = XCBuildConfiguration;
			buildSettings = {
				CODE_SIGN_STYLE = Automatic;
				CURRENT_PROJECT_VERSION = 1;
				DEVELOPMENT_TEAM = DXV3CF8ALN;
				GENERATE_INFOPLIST_FILE = YES;
				MARKETING_VERSION = 1.3;
				PRODUCT_BUNDLE_IDENTIFIER = zhang.camitUITests;
				PRODUCT_NAME = "$(TARGET_NAME)";
				STRING_CATALOG_GENERATE_SYMBOLS = NO;
				SWIFT_APPROACHABLE_CONCURRENCY = YES;
				SWIFT_EMIT_LOC_STRINGS = NO;
				SWIFT_UPCOMING_FEATURE_MEMBER_IMPORT_VISIBILITY = YES;
				SWIFT_VERSION = 5.0;
				TARGETED_DEVICE_FAMILY = "1,2";
				TEST_TARGET_NAME = camit;
			};
			name = Debug;
		};
		499EFECC2F2898DF00121CAD /* Release */ = {
			isa = XCBuildConfiguration;
			buildSettings = {
				CODE_SIGN_STYLE = Automatic;
				CURRENT_PROJECT_VERSION = 1;
				DEVELOPMENT_TEAM = DXV3CF8ALN;
				GENERATE_INFOPLIST_FILE = YES;
				MARKETING_VERSION = 1.3;
				PRODUCT_BUNDLE_IDENTIFIER = zhang.camitUITests;
				PRODUCT_NAME = "$(TARGET_NAME)";
				STRING_CATALOG_GENERATE_SYMBOLS = NO;
				SWIFT_APPROACHABLE_CONCURRENCY = YES;
				SWIFT_EMIT_LOC_STRINGS = NO;
				SWIFT_UPCOMING_FEATURE_MEMBER_IMPORT_VISIBILITY = YES;
				SWIFT_VERSION = 5.0;
				TARGETED_DEVICE_FAMILY = "1,2";
				TEST_TARGET_NAME = camit;
			};
			name = Release;
		};
/* End XCBuildConfiguration section */

/* Begin XCConfigurationList section */
		499EFE9E2F2898DE00121CAD /* Build configuration list for PBXProject "camit" */ = {
			isa = XCConfigurationList;
			buildConfigurations = (
				499EFEC22F2898DF00121CAD /* Debug */,
				499EFEC32F2898DF00121CAD /* Release */,
			);
			defaultConfigurationIsVisible = 0;
			defaultConfigurationName = Release;
		};
		499EFEC42F2898DF00121CAD /* Build configuration list for PBXNativeTarget "camit" */ = {
			isa = XCConfigurationList;
			buildConfigurations = (
				499EFEC52F2898DF00121CAD /* Debug */,
				499EFEC62F2898DF00121CAD /* Release */,
			);
			defaultConfigurationIsVisible = 0;
			defaultConfigurationName = Release;
		};
		499EFEC72F2898DF00121CAD /* Build configuration list for PBXNativeTarget "camitTests" */ = {
			isa = XCConfigurationList;
			buildConfigurations = (
				499EFEC82F2898DF00121CAD /* Debug */,
				499EFEC92F2898DF00121CAD /* Release */,
			);
			defaultConfigurationIsVisible = 0;
			defaultConfigurationName = Release;
		};
		499EFECA2F2898DF00121CAD /* Build configuration list for PBXNativeTarget "camitUITests" */ = {
			isa = XCConfigurationList;
			buildConfigurations = (
				499EFECB2F2898DF00121CAD /* Debug */,
				499EFECC2F2898DF00121CAD /* Release */,
			);
			defaultConfigurationIsVisible = 0;
			defaultConfigurationName = Release;
		};
/* End XCConfigurationList section */

/* Begin XCRemoteSwiftPackageReference section */
		499EFECD2F28990000121CAD /* XCRemoteSwiftPackageReference "LaTeXSwiftUI" */ = {
			isa = XCRemoteSwiftPackageReference;
			repositoryURL = "https://github.com/colinc86/LaTeXSwiftUI";
			requirement = {
				kind = upToNextMajorVersion;
				minimumVersion = 1.5.0;
			};
		};
/* End XCRemoteSwiftPackageReference section */

/* Begin XCSwiftPackageProductDependency section */
		499EFECE2F28990000121CAD /* LaTeXSwiftUI */ = {
			isa = XCSwiftPackageProductDependency;
			package = 499EFECD2F28990000121CAD /* XCRemoteSwiftPackageReference "LaTeXSwiftUI" */;
			productName = LaTeXSwiftUI;
		};
/* End XCSwiftPackageProductDependency section */
	};
	rootObject = 499EFE9B2F2898DE00121CAD /* Project object */;
}
